
Microsoft Visual Studio Solution File, Format Version 12.00
Project("{2150E333-8FDC-42A3-9474-1A3956D46DE8}") = "Business", "Business", "{0FAE544D-0D9B-42B7-A6EC-8DE03CCE9AA8}"
EndProject
Project("{2150E333-8FDC-42A3-9474-1A3956D46DE8}") = "Services", "Services", "{0E855FDE-B6A7-4DCC-BECD-D06C2CD35A5E}"
EndProject
Project("{FAE04EC0-301F-11D3-BF4B-00C04F79EFBC}") = "Crypto-Api.API", "Services\Crypto-Api.API\Crypto-Api.API.csproj", "{558DCB2D-7EED-4CF4-A222-11D4FD1E87E7}"
EndProject
Project("{FAE04EC0-301F-11D3-BF4B-00C04F79EFBC}") = "Crypto-Api.API.UnitTest", "Services\Crypto-Api.API.UnitTest\Crypto-Api.API.UnitTest.csproj", "{C565F177-5B53-486F-A9E5-95F092DD7FB0}"
EndProject
Project("{FAE04EC0-301F-11D3-BF4B-00C04F79EFBC}") = "Crypto-Api.Application", "Business\Crypto-Api.Application\Crypto-Api.Application.csproj", "{83AA757E-4ABB-4714-92C2-BE53496B852A}"
EndProject
Project("{FAE04EC0-301F-11D3-BF4B-00C04F79EFBC}") = "Crypto-Api.Application.UnitTest", "Business\Crypto-Api.Application.UnitTest\Crypto-Api.Application.UnitTest.csproj", "{619A6534-988F-4349-BE5A-67D98A5EB4B7}"
EndProject
Project("{FAE04EC0-301F-11D3-BF4B-00C04F79EFBC}") = "Crypto-Api.Domain", "Business\Crypto-Api.Domain\Crypto-Api.Domain.csproj", "{DC210251-0753-42BF-84B1-5D34069CE5C9}"
EndProject
Project("{FAE04EC0-301F-11D3-BF4B-00C04F79EFBC}") = "Crypto-Api.Domain.UnitTest", "Business\Crypto-Api.Domain.UnitTest\Crypto-Api.Domain.UnitTest.csproj", "{C419C8BA-BDD7-4B12-9335-D74CF00B0909}"
EndProject
Project("{FAE04EC0-301F-11D3-BF4B-00C04F79EFBC}") = "Crypto-Api.Infrastructure", "Business\Crypto-Api.Infrastructure\Crypto-Api.Infrastructure.csproj", "{63192AE3-94F5-4A65-A6EB-2E692D278845}"
EndProject
Project("{FAE04EC0-301F-11D3-BF4B-00C04F79EFBC}") = "Crypto-Api.Infrastructure.UnitTest", "Business\Crypto-Api.Infrastructure.UnitTest\Crypto-Api.Infrastructure.UnitTest.csproj", "{0C63176C-6E08-409A-84D9-53156D0FFD2F}"
EndProject
Global
	GlobalSection(SolutionConfigurationPlatforms) = preSolution
		Debug|Any CPU = Debug|Any CPU
		Release|Any CPU = Release|Any CPU
	EndGlobalSection
	GlobalSection(ProjectConfigurationPlatforms) = postSolution
		{558DCB2D-7EED-4CF4-A222-11D4FD1E87E7}.Debug|Any CPU.ActiveCfg = Debug|Any CPU
		{558DCB2D-7EED-4CF4-A222-11D4FD1E87E7}.Debug|Any CPU.Build.0 = Debug|Any CPU
		{558DCB2D-7EED-4CF4-A222-11D4FD1E87E7}.Release|Any CPU.ActiveCfg = Release|Any CPU
		{558DCB2D-7EED-4CF4-A222-11D4FD1E87E7}.Release|Any CPU.Build.0 = Release|Any CPU
		{C565F177-5B53-486F-A9E5-95F092DD7FB0}.Debug|Any CPU.ActiveCfg = Debug|Any CPU
		{C565F177-5B53-486F-A9E5-95F092DD7FB0}.Debug|Any CPU.Build.0 = Debug|Any CPU
		{C565F177-5B53-486F-A9E5-95F092DD7FB0}.Release|Any CPU.ActiveCfg = Release|Any CPU
		{C565F177-5B53-486F-A9E5-95F092DD7FB0}.Release|Any CPU.Build.0 = Release|Any CPU
		{83AA757E-4ABB-4714-92C2-BE53496B852A}.Debug|Any CPU.ActiveCfg = Debug|Any CPU
		{83AA757E-4ABB-4714-92C2-BE53496B852A}.Debug|Any CPU.Build.0 = Debug|Any CPU
		{83AA757E-4ABB-4714-92C2-BE53496B852A}.Release|Any CPU.ActiveCfg = Release|Any CPU
		{83AA757E-4ABB-4714-92C2-BE53496B852A}.Release|Any CPU.Build.0 = Release|Any CPU
		{619A6534-988F-4349-BE5A-67D98A5EB4B7}.Debug|Any CPU.ActiveCfg = Debug|Any CPU
		{619A6534-988F-4349-BE5A-67D98A5EB4B7}.Debug|Any CPU.Build.0 = Debug|Any CPU
		{619A6534-988F-4349-BE5A-67D98A5EB4B7}.Release|Any CPU.ActiveCfg = Release|Any CPU
		{619A6534-988F-4349-BE5A-67D98A5EB4B7}.Release|Any CPU.Build.0 = Release|Any CPU
		{DC210251-0753-42BF-84B1-5D34069CE5C9}.Debug|Any CPU.ActiveCfg = Debug|Any CPU
		{DC210251-0753-42BF-84B1-5D34069CE5C9}.Debug|Any CPU.Build.0 = Debug|Any CPU
		{DC210251-0753-42BF-84B1-5D34069CE5C9}.Release|Any CPU.ActiveCfg = Release|Any CPU
		{DC210251-0753-42BF-84B1-5D34069CE5C9}.Release|Any CPU.Build.0 = Release|Any CPU
		{C419C8BA-BDD7-4B12-9335-D74CF00B0909}.Debug|Any CPU.ActiveCfg = Debug|Any CPU
		{C419C8BA-BDD7-4B12-9335-D74CF00B0909}.Debug|Any CPU.Build.0 = Debug|Any CPU
		{C419C8BA-BDD7-4B12-9335-D74CF00B0909}.Release|Any CPU.ActiveCfg = Release|Any CPU
		{C419C8BA-BDD7-4B12-9335-D74CF00B0909}.Release|Any CPU.Build.0 = Release|Any CPU
		{63192AE3-94F5-4A65-A6EB-2E692D278845}.Debug|Any CPU.ActiveCfg = Debug|Any CPU
		{63192AE3-94F5-4A65-A6EB-2E692D278845}.Debug|Any CPU.Build.0 = Debug|Any CPU
		{63192AE3-94F5-4A65-A6EB-2E692D278845}.Release|Any CPU.ActiveCfg = Release|Any CPU
		{63192AE3-94F5-4A65-A6EB-2E692D278845}.Release|Any CPU.Build.0 = Release|Any CPU
		{0C63176C-6E08-409A-84D9-53156D0FFD2F}.Debug|Any CPU.ActiveCfg = Debug|Any CPU
		{0C63176C-6E08-409A-84D9-53156D0FFD2F}.Debug|Any CPU.Build.0 = Debug|Any CPU
		{0C63176C-6E08-409A-84D9-53156D0FFD2F}.Release|Any CPU.ActiveCfg = Release|Any CPU
		{0C63176C-6E08-409A-84D9-53156D0FFD2F}.Release|Any CPU.Build.0 = Release|Any CPU
	EndGlobalSection
	GlobalSection(NestedProjects) = preSolution
		{558DCB2D-7EED-4CF4-A222-11D4FD1E87E7} = {0E855FDE-B6A7-4DCC-BECD-D06C2CD35A5E}
		{C565F177-5B53-486F-A9E5-95F092DD7FB0} = {0E855FDE-B6A7-4DCC-BECD-D06C2CD35A5E}
		{83AA757E-4ABB-4714-92C2-BE53496B852A} = {0FAE544D-0D9B-42B7-A6EC-8DE03CCE9AA8}
		{619A6534-988F-4349-BE5A-67D98A5EB4B7} = {0FAE544D-0D9B-42B7-A6EC-8DE03CCE9AA8}
		{DC210251-0753-42BF-84B1-5D34069CE5C9} = {0FAE544D-0D9B-42B7-A6EC-8DE03CCE9AA8}
		{C419C8BA-BDD7-4B12-9335-D74CF00B0909} = {0FAE544D-0D9B-42B7-A6EC-8DE03CCE9AA8}
		{63192AE3-94F5-4A65-A6EB-2E692D278845} = {0FAE544D-0D9B-42B7-A6EC-8DE03CCE9AA8}
		{0C63176C-6E08-409A-84D9-53156D0FFD2F} = {0FAE544D-0D9B-42B7-A6EC-8DE03CCE9AA8}
	EndGlobalSection
EndGlobal
