
Microsoft Visual Studio Solution File, Format Version 12.00
Project("{FAE04EC0-301F-11D3-BF4B-00C04F79EFBC}") = "Crypto-Api.API", "Crypto-Api\Services\Crypto-Api.API\Crypto-Api.API.csproj", "{AADAB852-49EC-4E01-90B6-22CFED244376}"
EndProject
Project("{FAE04EC0-301F-11D3-BF4B-00C04F79EFBC}") = "Crypto-Api.API.UnitTest", "Crypto-Api\Services\Crypto-Api.API.UnitTest\Crypto-Api.API.UnitTest.csproj", "{39ED9E55-2081-43CB-8234-429450311B32}"
EndProject
Project("{FAE04EC0-301F-11D3-BF4B-00C04F79EFBC}") = "Crypto-Api.Application", "Crypto-Api\Business\Crypto-Api.Application\Crypto-Api.Application.csproj", "{AE16DCFB-FB16-42CF-A7D4-61140585FF44}"
EndProject
Project("{FAE04EC0-301F-11D3-BF4B-00C04F79EFBC}") = "Crypto-Api.Application.UnitTest", "Crypto-Api\Business\Crypto-Api.Application.UnitTest\Crypto-Api.Application.UnitTest.csproj", "{388C6D0A-9789-4E8D-8C5F-E27B45F3F190}"
EndProject
Project("{FAE04EC0-301F-11D3-BF4B-00C04F79EFBC}") = "Crypto-Api.Domain", "Crypto-Api\Business\Crypto-Api.Domain\Crypto-Api.Domain.csproj", "{C5B5104A-D868-4320-BA01-886FF34518B1}"
EndProject
Project("{FAE04EC0-301F-11D3-BF4B-00C04F79EFBC}") = "Crypto-Api.Domain.UnitTest", "Crypto-Api\Business\Crypto-Api.Domain.UnitTest\Crypto-Api.Domain.UnitTest.csproj", "{4253D062-2C9C-47B1-9190-1B5F3D6F843F}"
EndProject
Global
	GlobalSection(SolutionConfigurationPlatforms) = preSolution
		Debug|Any CPU = Debug|Any CPU
		Release|Any CPU = Release|Any CPU
	EndGlobalSection
	GlobalSection(ProjectConfigurationPlatforms) = postSolution
		{AADAB852-49EC-4E01-90B6-22CFED244376}.Debug|Any CPU.ActiveCfg = Debug|Any CPU
		{AADAB852-49EC-4E01-90B6-22CFED244376}.Debug|Any CPU.Build.0 = Debug|Any CPU
		{AADAB852-49EC-4E01-90B6-22CFED244376}.Release|Any CPU.ActiveCfg = Release|Any CPU
		{AADAB852-49EC-4E01-90B6-22CFED244376}.Release|Any CPU.Build.0 = Release|Any CPU
		{39ED9E55-2081-43CB-8234-429450311B32}.Debug|Any CPU.ActiveCfg = Debug|Any CPU
		{39ED9E55-2081-43CB-8234-429450311B32}.Debug|Any CPU.Build.0 = Debug|Any CPU
		{39ED9E55-2081-43CB-8234-429450311B32}.Release|Any CPU.ActiveCfg = Release|Any CPU
		{39ED9E55-2081-43CB-8234-429450311B32}.Release|Any CPU.Build.0 = Release|Any CPU
		{AE16DCFB-FB16-42CF-A7D4-61140585FF44}.Debug|Any CPU.ActiveCfg = Debug|Any CPU
		{AE16DCFB-FB16-42CF-A7D4-61140585FF44}.Debug|Any CPU.Build.0 = Debug|Any CPU
		{AE16DCFB-FB16-42CF-A7D4-61140585FF44}.Release|Any CPU.ActiveCfg = Release|Any CPU
		{AE16DCFB-FB16-42CF-A7D4-61140585FF44}.Release|Any CPU.Build.0 = Release|Any CPU
		{388C6D0A-9789-4E8D-8C5F-E27B45F3F190}.Debug|Any CPU.ActiveCfg = Debug|Any CPU
		{388C6D0A-9789-4E8D-8C5F-E27B45F3F190}.Debug|Any CPU.Build.0 = Debug|Any CPU
		{388C6D0A-9789-4E8D-8C5F-E27B45F3F190}.Release|Any CPU.ActiveCfg = Release|Any CPU
		{388C6D0A-9789-4E8D-8C5F-E27B45F3F190}.Release|Any CPU.Build.0 = Release|Any CPU
		{C5B5104A-D868-4320-BA01-886FF34518B1}.Debug|Any CPU.ActiveCfg = Debug|Any CPU
		{C5B5104A-D868-4320-BA01-886FF34518B1}.Debug|Any CPU.Build.0 = Debug|Any CPU
		{C5B5104A-D868-4320-BA01-886FF34518B1}.Release|Any CPU.ActiveCfg = Release|Any CPU
		{C5B5104A-D868-4320-BA01-886FF34518B1}.Release|Any CPU.Build.0 = Release|Any CPU
		{4253D062-2C9C-47B1-9190-1B5F3D6F843F}.Debug|Any CPU.ActiveCfg = Debug|Any CPU
		{4253D062-2C9C-47B1-9190-1B5F3D6F843F}.Debug|Any CPU.Build.0 = Debug|Any CPU
		{4253D062-2C9C-47B1-9190-1B5F3D6F843F}.Release|Any CPU.ActiveCfg = Release|Any CPU
		{4253D062-2C9C-47B1-9190-1B5F3D6F843F}.Release|Any CPU.Build.0 = Release|Any CPU
	EndGlobalSection
EndGlobal
